// !$*UTF8*$!
{
	archiveVersion = 1;
	classes = {
	};
	objectVersion = 51;
	objects = {

/* Begin PBXBuildFile section */
		778DF32029C7B18000EB84E7 /* AppDelegate.swift in Sources */ = {isa = PBXBuildFile; fileRef = 778DF31F29C7B18000EB84E7 /* AppDelegate.swift */; };
		778DF32229C7B18000EB84E7 /* SceneDelegate.swift in Sources */ = {isa = PBXBuildFile; fileRef = 778DF32129C7B18000EB84E7 /* SceneDelegate.swift */; };
		778DF32429C7B18000EB84E7 /* ViewController.swift in Sources */ = {isa = PBXBuildFile; fileRef = 778DF32329C7B18000EB84E7 /* ViewController.swift */; };
		778DF32729C7B18000EB84E7 /* Main.storyboard in Resources */ = {isa = PBXBuildFile; fileRef = 778DF32529C7B18000EB84E7 /* Main.storyboard */; };
		778DF32929C7B18100EB84E7 /* Assets.xcassets in Resources */ = {isa = PBXBuildFile; fileRef = 778DF32829C7B18100EB84E7 /* Assets.xcassets */; };
		778DF32C29C7B18100EB84E7 /* LaunchScreen.storyboard in Resources */ = {isa = PBXBuildFile; fileRef = 778DF32A29C7B18100EB84E7 /* LaunchScreen.storyboard */; };
		779D578A29C7B24D0099E560 /* Pizza.swift in Sources */ = {isa = PBXBuildFile; fileRef = 779D578929C7B24D0099E560 /* Pizza.swift */; };
		779D578D29C7BB180099E560 /* CustomXIBCell.swift in Sources */ = {isa = PBXBuildFile; fileRef = 779D578B29C7BB180099E560 /* CustomXIBCell.swift */; };
		779D578E29C7BB180099E560 /* CustomXIBCell.xib in Resources */ = {isa = PBXBuildFile; fileRef = 779D578C29C7BB180099E560 /* CustomXIBCell.xib */; };
		779D579029C7BE1E0099E560 /* PriceViewController.swift in Sources */ = {isa = PBXBuildFile; fileRef = 779D578F29C7BE1E0099E560 /* PriceViewController.swift */; };
		779D579229C7C3570099E560 /* RatingViewController.swift in Sources */ = {isa = PBXBuildFile; fileRef = 779D579129C7C3570099E560 /* RatingViewController.swift */; };
		E4FAA60119ABBB9BA053AE09 /* Pods_ProjectRequestFive.framework in Frameworks */ = {isa = PBXBuildFile; fileRef = 94CEF6FA25E049991AD84238 /* Pods_ProjectRequestFive.framework */; };
/* End PBXBuildFile section */

/* Begin PBXFileReference section */
		2C4A14B5C5B8BC235FBF1F03 /* Pods-ProjectRequestFive.release.xcconfig */ = {isa = PBXFileReference; includeInIndex = 1; lastKnownFileType = text.xcconfig; name = "Pods-ProjectRequestFive.release.xcconfig"; path = "Target Support Files/Pods-ProjectRequestFive/Pods-ProjectRequestFive.release.xcconfig"; sourceTree = "<group>"; };
		778DF31C29C7B18000EB84E7 /* ProjectRequestFive.app */ = {isa = PBXFileReference; explicitFileType = wrapper.application; includeInIndex = 0; path = ProjectRequestFive.app; sourceTree = BUILT_PRODUCTS_DIR; };
		778DF31F29C7B18000EB84E7 /* AppDelegate.swift */ = {isa = PBXFileReference; lastKnownFileType = sourcecode.swift; path = AppDelegate.swift; sourceTree = "<group>"; };
		778DF32129C7B18000EB84E7 /* SceneDelegate.swift */ = {isa = PBXFileReference; lastKnownFileType = sourcecode.swift; path = SceneDelegate.swift; sourceTree = "<group>"; };
		778DF32329C7B18000EB84E7 /* ViewController.swift */ = {isa = PBXFileReference; lastKnownFileType = sourcecode.swift; path = ViewController.swift; sourceTree = "<group>"; };
		778DF32629C7B18000EB84E7 /* Base */ = {isa = PBXFileReference; lastKnownFileType = file.storyboard; name = Base; path = Base.lproj/Main.storyboard; sourceTree = "<group>"; };
		778DF32829C7B18100EB84E7 /* Assets.xcassets */ = {isa = PBXFileReference; lastKnownFileType = folder.assetcatalog; path = Assets.xcassets; sourceTree = "<group>"; };
		778DF32B29C7B18100EB84E7 /* Base */ = {isa = PBXFileReference; lastKnownFileType = file.storyboard; name = Base; path = Base.lproj/LaunchScreen.storyboard; sourceTree = "<group>"; };
		778DF32D29C7B18100EB84E7 /* Info.plist */ = {isa = PBXFileReference; lastKnownFileType = text.plist.xml; path = Info.plist; sourceTree = "<group>"; };
		779D578929C7B24D0099E560 /* Pizza.swift */ = {isa = PBXFileReference; lastKnownFileType = sourcecode.swift; path = Pizza.swift; sourceTree = "<group>"; };
		779D578B29C7BB180099E560 /* CustomXIBCell.swift */ = {isa = PBXFileReference; lastKnownFileType = sourcecode.swift; path = CustomXIBCell.swift; sourceTree = "<group>"; };
		779D578C29C7BB180099E560 /* CustomXIBCell.xib */ = {isa = PBXFileReference; lastKnownFileType = file.xib; path = CustomXIBCell.xib; sourceTree = "<group>"; };
		779D578F29C7BE1E0099E560 /* PriceViewController.swift */ = {isa = PBXFileReference; lastKnownFileType = sourcecode.swift; path = PriceViewController.swift; sourceTree = "<group>"; };
		779D579129C7C3570099E560 /* RatingViewController.swift */ = {isa = PBXFileReference; lastKnownFileType = sourcecode.swift; path = RatingViewController.swift; sourceTree = "<group>"; };
		94CEF6FA25E049991AD84238 /* Pods_ProjectRequestFive.framework */ = {isa = PBXFileReference; explicitFileType = wrapper.framework; includeInIndex = 0; path = Pods_ProjectRequestFive.framework; sourceTree = BUILT_PRODUCTS_DIR; };
		971A90A8A6AEA5AA90D33AC3 /* Pods-ProjectRequestFive.debug.xcconfig */ = {isa = PBXFileReference; includeInIndex = 1; lastKnownFileType = text.xcconfig; name = "Pods-ProjectRequestFive.debug.xcconfig"; path = "Target Support Files/Pods-ProjectRequestFive/Pods-ProjectRequestFive.debug.xcconfig"; sourceTree = "<group>"; };
/* End PBXFileReference section */

/* Begin PBXFrameworksBuildPhase section */
		778DF31929C7B18000EB84E7 /* Frameworks */ = {
			isa = PBXFrameworksBuildPhase;
			buildActionMask = 2147483647;
			files = (
				E4FAA60119ABBB9BA053AE09 /* Pods_ProjectRequestFive.framework in Frameworks */,
			);
			runOnlyForDeploymentPostprocessing = 0;
		};
/* End PBXFrameworksBuildPhase section */

/* Begin PBXGroup section */
		778DF31329C7B18000EB84E7 = {
			isa = PBXGroup;
			children = (
				778DF31E29C7B18000EB84E7 /* ProjectRequestFive */,
				778DF31D29C7B18000EB84E7 /* Products */,
				EB6C693475284391D25A820D /* Pods */,
				BC904736788814A126447709 /* Frameworks */,
			);
			sourceTree = "<group>";
		};
		778DF31D29C7B18000EB84E7 /* Products */ = {
			isa = PBXGroup;
			children = (
				778DF31C29C7B18000EB84E7 /* ProjectRequestFive.app */,
			);
			name = Products;
			sourceTree = "<group>";
		};
		778DF31E29C7B18000EB84E7 /* ProjectRequestFive */ = {
			isa = PBXGroup;
			children = (
				778DF31F29C7B18000EB84E7 /* AppDelegate.swift */,
				778DF32129C7B18000EB84E7 /* SceneDelegate.swift */,
				779D578929C7B24D0099E560 /* Pizza.swift */,
				778DF32329C7B18000EB84E7 /* ViewController.swift */,
				779D578F29C7BE1E0099E560 /* PriceViewController.swift */,
				779D579129C7C3570099E560 /* RatingViewController.swift */,
				779D578B29C7BB180099E560 /* CustomXIBCell.swift */,
				779D578C29C7BB180099E560 /* CustomXIBCell.xib */,
				778DF32529C7B18000EB84E7 /* Main.storyboard */,
				778DF32829C7B18100EB84E7 /* Assets.xcassets */,
				778DF32A29C7B18100EB84E7 /* LaunchScreen.storyboard */,
				778DF32D29C7B18100EB84E7 /* Info.plist */,
			);
			path = ProjectRequestFive;
			sourceTree = "<group>";
		};
		BC904736788814A126447709 /* Frameworks */ = {
			isa = PBXGroup;
			children = (
				94CEF6FA25E049991AD84238 /* Pods_ProjectRequestFive.framework */,
			);
			name = Frameworks;
			sourceTree = "<group>";
		};
		EB6C693475284391D25A820D /* Pods */ = {
			isa = PBXGroup;
			children = (
				971A90A8A6AEA5AA90D33AC3 /* Pods-ProjectRequestFive.debug.xcconfig */,
				2C4A14B5C5B8BC235FBF1F03 /* Pods-ProjectRequestFive.release.xcconfig */,
			);
			path = Pods;
			sourceTree = "<group>";
		};
/* End PBXGroup section */

/* Begin PBXNativeTarget section */
		778DF31B29C7B18000EB84E7 /* ProjectRequestFive */ = {
			isa = PBXNativeTarget;
			buildConfigurationList = 778DF33029C7B18100EB84E7 /* Build configuration list for PBXNativeTarget "ProjectRequestFive" */;
			buildPhases = (
				663CCBE724D12613CCEE30A4 /* [CP] Check Pods Manifest.lock */,
				778DF31829C7B18000EB84E7 /* Sources */,
				778DF31929C7B18000EB84E7 /* Frameworks */,
				778DF31A29C7B18000EB84E7 /* Resources */,
				55BD4E3321688CB37951510A /* [CP] Embed Pods Frameworks */,
			);
			buildRules = (
			);
			dependencies = (
			);
			name = ProjectRequestFive;
			productName = ProjectRequestFive;
			productReference = 778DF31C29C7B18000EB84E7 /* ProjectRequestFive.app */;
			productType = "com.apple.product-type.application";
		};
/* End PBXNativeTarget section */

/* Begin PBXProject section */
		778DF31429C7B18000EB84E7 /* Project object */ = {
			isa = PBXProject;
			attributes = {
				LastSwiftUpdateCheck = 1250;
				LastUpgradeCheck = 1250;
				TargetAttributes = {
					778DF31B29C7B18000EB84E7 = {
						CreatedOnToolsVersion = 12.5.1;
					};
				};
			};
			buildConfigurationList = 778DF31729C7B18000EB84E7 /* Build configuration list for PBXProject "ProjectRequestFive" */;
			compatibilityVersion = "Xcode 9.3";
			developmentRegion = en;
			hasScannedForEncodings = 0;
			knownRegions = (
				en,
				Base,
			);
			mainGroup = 778DF31329C7B18000EB84E7;
			productRefGroup = 778DF31D29C7B18000EB84E7 /* Products */;
			projectDirPath = "";
			projectRoot = "";
			targets = (
				778DF31B29C7B18000EB84E7 /* ProjectRequestFive */,
			);
		};
/* End PBXProject section */

/* Begin PBXResourcesBuildPhase section */
		778DF31A29C7B18000EB84E7 /* Resources */ = {
			isa = PBXResourcesBuildPhase;
			buildActionMask = 2147483647;
			files = (
				779D578E29C7BB180099E560 /* CustomXIBCell.xib in Resources */,
				778DF32C29C7B18100EB84E7 /* LaunchScreen.storyboard in Resources */,
				778DF32929C7B18100EB84E7 /* Assets.xcassets in Resources */,
				778DF32729C7B18000EB84E7 /* Main.storyboard in Resources */,
			);
			runOnlyForDeploymentPostprocessing = 0;
		};
/* End PBXResourcesBuildPhase section */

/* Begin PBXShellScriptBuildPhase section */
		55BD4E3321688CB37951510A /* [CP] Embed Pods Frameworks */ = {
			isa = PBXShellScriptBuildPhase;
			buildActionMask = 2147483647;
			files = (
			);
			inputFileListPaths = (
				"${PODS_ROOT}/Target Support Files/Pods-ProjectRequestFive/Pods-ProjectRequestFive-frameworks-${CONFIGURATION}-input-files.xcfilelist",
			);
			name = "[CP] Embed Pods Frameworks";
			outputFileListPaths = (
				"${PODS_ROOT}/Target Support Files/Pods-ProjectRequestFive/Pods-ProjectRequestFive-frameworks-${CONFIGURATION}-output-files.xcfilelist",
			);
			runOnlyForDeploymentPostprocessing = 0;
			shellPath = /bin/sh;
			shellScript = "\"${PODS_ROOT}/Target Support Files/Pods-ProjectRequestFive/Pods-ProjectRequestFive-frameworks.sh\"\n";
			showEnvVarsInLog = 0;
		};
		663CCBE724D12613CCEE30A4 /* [CP] Check Pods Manifest.lock */ = {
			isa = PBXShellScriptBuildPhase;
			buildActionMask = 2147483647;
			files = (
			);
			inputFileListPaths = (
			);
			inputPaths = (
				"${PODS_PODFILE_DIR_PATH}/Podfile.lock",
				"${PODS_ROOT}/Manifest.lock",
			);
			name = "[CP] Check Pods Manifest.lock";
			outputFileListPaths = (
			);
			outputPaths = (
				"$(DERIVED_FILE_DIR)/Pods-ProjectRequestFive-checkManifestLockResult.txt",
			);
			runOnlyForDeploymentPostprocessing = 0;
			shellPath = /bin/sh;
			shellScript = "diff \"${PODS_PODFILE_DIR_PATH}/Podfile.lock\" \"${PODS_ROOT}/Manifest.lock\" > /dev/null\nif [ $? != 0 ] ; then\n    # print error to STDERR\n    echo \"error: The sandbox is not in sync with the Podfile.lock. Run 'pod install' or update your CocoaPods installation.\" >&2\n    exit 1\nfi\n# This output is used by Xcode 'outputs' to avoid re-running this script phase.\necho \"SUCCESS\" > \"${SCRIPT_OUTPUT_FILE_0}\"\n";
			showEnvVarsInLog = 0;
		};
/* End PBXShellScriptBuildPhase section */

/* Begin PBXSourcesBuildPhase section */
		778DF31829C7B18000EB84E7 /* Sources */ = {
			isa = PBXSourcesBuildPhase;
			buildActionMask = 2147483647;
			files = (
				779D578A29C7B24D0099E560 /* Pizza.swift in Sources */,
				778DF32429C7B18000EB84E7 /* ViewController.swift in Sources */,
				779D579029C7BE1E0099E560 /* PriceViewController.swift in Sources */,
				779D578D29C7BB180099E560 /* CustomXIBCell.swift in Sources */,
				778DF32029C7B18000EB84E7 /* AppDelegate.swift in Sources */,
				778DF32229C7B18000EB84E7 /* SceneDelegate.swift in Sources */,
				779D579229C7C3570099E560 /* RatingViewController.swift in Sources */,
			);
			runOnlyForDeploymentPostprocessing = 0;
		};
/* End PBXSourcesBuildPhase section */

/* Begin PBXVariantGroup section */
		778DF32529C7B18000EB84E7 /* Main.storyboard */ = {
			isa = PBXVariantGroup;
			children = (
				778DF32629C7B18000EB84E7 /* Base */,
			);
			name = Main.storyboard;
			sourceTree = "<group>";
		};
		778DF32A29C7B18100EB84E7 /* LaunchScreen.storyboard */ = {
			isa = PBXVariantGroup;
			children = (
				778DF32B29C7B18100EB84E7 /* Base */,
			);
			name = LaunchScreen.storyboard;
			sourceTree = "<group>";
		};
/* End PBXVariantGroup section */

/* Begin XCBuildConfiguration section */
		778DF32E29C7B18100EB84E7 /* Debug */ = {
			isa = XCBuildConfiguration;
			buildSettings = {
				ALWAYS_SEARCH_USER_PATHS = NO;
				CLANG_ANALYZER_NONNULL = YES;
				CLANG_ANALYZER_NUMBER_OBJECT_CONVERSION = YES_AGGRESSIVE;
				CLANG_CXX_LANGUAGE_STANDARD = "gnu++14";
				CLANG_CXX_LIBRARY = "libc++";
				CLANG_ENABLE_MODULES = YES;
				CLANG_ENABLE_OBJC_ARC = YES;
				CLANG_ENABLE_OBJC_WEAK = YES;
				CLANG_WARN_BLOCK_CAPTURE_AUTORELEASING = YES;
				CLANG_WARN_BOOL_CONVERSION = YES;
				CLANG_WARN_COMMA = YES;
				CLANG_WARN_CONSTANT_CONVERSION = YES;
				CLANG_WARN_DEPRECATED_OBJC_IMPLEMENTATIONS = YES;
				CLANG_WARN_DIRECT_OBJC_ISA_USAGE = YES_ERROR;
				CLANG_WARN_DOCUMENTATION_COMMENTS = YES;
				CLANG_WARN_EMPTY_BODY = YES;
				CLANG_WARN_ENUM_CONVERSION = YES;
				CLANG_WARN_INFINITE_RECURSION = YES;
				CLANG_WARN_INT_CONVERSION = YES;
				CLANG_WARN_NON_LITERAL_NULL_CONVERSION = YES;
				CLANG_WARN_OBJC_IMPLICIT_RETAIN_SELF = YES;
				CLANG_WARN_OBJC_LITERAL_CONVERSION = YES;
				CLANG_WARN_OBJC_ROOT_CLASS = YES_ERROR;
				CLANG_WARN_QUOTED_INCLUDE_IN_FRAMEWORK_HEADER = YES;
				CLANG_WARN_RANGE_LOOP_ANALYSIS = YES;
				CLANG_WARN_STRICT_PROTOTYPES = YES;
				CLANG_WARN_SUSPICIOUS_MOVE = YES;
				CLANG_WARN_UNGUARDED_AVAILABILITY = YES_AGGRESSIVE;
				CLANG_WARN_UNREACHABLE_CODE = YES;
				CLANG_WARN__DUPLICATE_METHOD_MATCH = YES;
				COPY_PHASE_STRIP = NO;
				DEBUG_INFORMATION_FORMAT = dwarf;
				ENABLE_STRICT_OBJC_MSGSEND = YES;
				ENABLE_TESTABILITY = YES;
				GCC_C_LANGUAGE_STANDARD = gnu11;
				GCC_DYNAMIC_NO_PIC = NO;
				GCC_NO_COMMON_BLOCKS = YES;
				GCC_OPTIMIZATION_LEVEL = 0;
				GCC_PREPROCESSOR_DEFINITIONS = (
					"DEBUG=1",
					"$(inherited)",
				);
				GCC_WARN_64_TO_32_BIT_CONVERSION = YES;
				GCC_WARN_ABOUT_RETURN_TYPE = YES_ERROR;
				GCC_WARN_UNDECLARED_SELECTOR = YES;
				GCC_WARN_UNINITIALIZED_AUTOS = YES_AGGRESSIVE;
				GCC_WARN_UNUSED_FUNCTION = YES;
				GCC_WARN_UNUSED_VARIABLE = YES;
				IPHONEOS_DEPLOYMENT_TARGET = 14.5;
				MTL_ENABLE_DEBUG_INFO = INCLUDE_SOURCE;
				MTL_FAST_MATH = YES;
				ONLY_ACTIVE_ARCH = YES;
				SDKROOT = iphoneos;
				SWIFT_ACTIVE_COMPILATION_CONDITIONS = DEBUG;
				SWIFT_OPTIMIZATION_LEVEL = "-Onone";
			};
			name = Debug;
		};
		778DF32F29C7B18100EB84E7 /* Release */ = {
			isa = XCBuildConfiguration;
			buildSettings = {
				ALWAYS_SEARCH_USER_PATHS = NO;
				CLANG_ANALYZER_NONNULL = YES;
				CLANG_ANALYZER_NUMBER_OBJECT_CONVERSION = YES_AGGRESSIVE;
				CLANG_CXX_LANGUAGE_STANDARD = "gnu++14";
				CLANG_CXX_LIBRARY = "libc++";
				CLANG_ENABLE_MODULES = YES;
				CLANG_ENABLE_OBJC_ARC = YES;
				CLANG_ENABLE_OBJC_WEAK = YES;
				CLANG_WARN_BLOCK_CAPTURE_AUTORELEASING = YES;
				CLANG_WARN_BOOL_CONVERSION = YES;
				CLANG_WARN_COMMA = YES;
				CLANG_WARN_CONSTANT_CONVERSION = YES;
				CLANG_WARN_DEPRECATED_OBJC_IMPLEMENTATIONS = YES;
				CLANG_WARN_DIRECT_OBJC_ISA_USAGE = YES_ERROR;
				CLANG_WARN_DOCUMENTATION_COMMENTS = YES;
				CLANG_WARN_EMPTY_BODY = YES;
				CLANG_WARN_ENUM_CONVERSION = YES;
				CLANG_WARN_INFINITE_RECURSION = YES;
				CLANG_WARN_INT_CONVERSION = YES;
				CLANG_WARN_NON_LITERAL_NULL_CONVERSION = YES;
				CLANG_WARN_OBJC_IMPLICIT_RETAIN_SELF = YES;
				CLANG_WARN_OBJC_LITERAL_CONVERSION = YES;
				CLANG_WARN_OBJC_ROOT_CLASS = YES_ERROR;
				CLANG_WARN_QUOTED_INCLUDE_IN_FRAMEWORK_HEADER = YES;
				CLANG_WARN_RANGE_LOOP_ANALYSIS = YES;
				CLANG_WARN_STRICT_PROTOTYPES = YES;
				CLANG_WARN_SUSPICIOUS_MOVE = YES;
				CLANG_WARN_UNGUARDED_AVAILABILITY = YES_AGGRESSIVE;
				CLANG_WARN_UNREACHABLE_CODE = YES;
				CLANG_WARN__DUPLICATE_METHOD_MATCH = YES;
				COPY_PHASE_STRIP = NO;
				DEBUG_INFORMATION_FORMAT = "dwarf-with-dsym";
				ENABLE_NS_ASSERTIONS = NO;
				ENABLE_STRICT_OBJC_MSGSEND = YES;
				GCC_C_LANGUAGE_STANDARD = gnu11;
				GCC_NO_COMMON_BLOCKS = YES;
				GCC_WARN_64_TO_32_BIT_CONVERSION = YES;
				GCC_WARN_ABOUT_RETURN_TYPE = YES_ERROR;
				GCC_WARN_UNDECLARED_SELECTOR = YES;
				GCC_WARN_UNINITIALIZED_AUTOS = YES_AGGRESSIVE;
				GCC_WARN_UNUSED_FUNCTION = YES;
				GCC_WARN_UNUSED_VARIABLE = YES;
				IPHONEOS_DEPLOYMENT_TARGET = 14.5;
				MTL_ENABLE_DEBUG_INFO = NO;
				MTL_FAST_MATH = YES;
				SDKROOT = iphoneos;
				SWIFT_COMPILATION_MODE = wholemodule;
				SWIFT_OPTIMIZATION_LEVEL = "-O";
				VALIDATE_PRODUCT = YES;
			};
			name = Release;
		};
		778DF33129C7B18100EB84E7 /* Debug */ = {
			isa = XCBuildConfiguration;
			baseConfigurationReference = 971A90A8A6AEA5AA90D33AC3 /* Pods-ProjectRequestFive.debug.xcconfig */;
			buildSettings = {
				ASSETCATALOG_COMPILER_APPICON_NAME = AppIcon;
				ASSETCATALOG_COMPILER_GLOBAL_ACCENT_COLOR_NAME = AccentColor;
				CODE_SIGN_STYLE = Automatic;
				INFOPLIST_FILE = ProjectRequestFive/Info.plist;
				LD_RUNPATH_SEARCH_PATHS = (
					"$(inherited)",
					"@executable_path/Frameworks",
				);
				PRODUCT_BUNDLE_IDENTIFIER = Aninha.ProjectRequestFive;
				PRODUCT_NAME = "$(TARGET_NAME)";
				SWIFT_VERSION = 5.0;
				TARGETED_DEVICE_FAMILY = "1,2";
			};
			name = Debug;
		};
		778DF33229C7B18100EB84E7 /* Release */ = {
			isa = XCBuildConfiguration;
			baseConfigurationReference = 2C4A14B5C5B8BC235FBF1F03 /* Pods-ProjectRequestFive.release.xcconfig */;
			buildSettings = {
				ASSETCATALOG_COMPILER_APPICON_NAME = AppIcon;
				ASSETCATALOG_COMPILER_GLOBAL_ACCENT_COLOR_NAME = AccentColor;
				CODE_SIGN_STYLE = Automatic;
				INFOPLIST_FILE = ProjectRequestFive/Info.plist;
				LD_RUNPATH_SEARCH_PATHS = (
					"$(inherited)",
					"@executable_path/Frameworks",
				);
				PRODUCT_BUNDLE_IDENTIFIER = Aninha.ProjectRequestFive;
				PRODUCT_NAME = "$(TARGET_NAME)";
				SWIFT_VERSION = 5.0;
				TARGETED_DEVICE_FAMILY = "1,2";
			};
			name = Release;
		};
/* End XCBuildConfiguration section */

/* Begin XCConfigurationList section */
		778DF31729C7B18000EB84E7 /* Build configuration list for PBXProject "ProjectRequestFive" */ = {
			isa = XCConfigurationList;
			buildConfigurations = (
				778DF32E29C7B18100EB84E7 /* Debug */,
				778DF32F29C7B18100EB84E7 /* Release */,
			);
			defaultConfigurationIsVisible = 0;
			defaultConfigurationName = Release;
		};
		778DF33029C7B18100EB84E7 /* Build configuration list for PBXNativeTarget "ProjectRequestFive" */ = {
			isa = XCConfigurationList;
			buildConfigurations = (
				778DF33129C7B18100EB84E7 /* Debug */,
				778DF33229C7B18100EB84E7 /* Release */,
			);
			defaultConfigurationIsVisible = 0;
			defaultConfigurationName = Release;
		};
/* End XCConfigurationList section */
	};
	rootObject = 778DF31429C7B18000EB84E7 /* Project object */;
}
